# Omarchy shell plugins cloned from git: id, git URL, commit. Written by
# `mise run plugins-lock`; run it after `omarchy plugin add`, `update` or
# `remove`. `mise run plugins` clones any that are missing at these commits.
evindor.keystroke https://github.com/evindor/keystroke.git 4ea4eede3bcee10c4f2c984843284cb2dcc8d4b7

